
Microsoft Visual Studio Solution File, Format Version 12.00
# Visual Studio Version 17
VisualStudioVersion = 17.8.34316.72
MinimumVisualStudioVersion = 10.0.40219.1
Project("{8BC9CEB8-8B4A-11D0-8D11-00A0C91BC942}") = "ggxrd_replay_viewer", "ggxrd_replay_viewer\ggxrd_replay_viewer.vcxproj", "{BA044D68-82F4-4CA9-AD80-6411F8F562E5}"
EndProject
Project("{8BC9CEB8-8B4A-11D0-8D11-00A0C91BC942}") = "ggxrd_replay_hook", "ggxrd_replay_hook\ggxrd_replay_hook.vcxproj", "{FC7D680B-75E9-4EB2-BA43-052B0A00DAC9}"
EndProject
Global
	GlobalSection(SolutionConfigurationPlatforms) = preSolution
		Debug|x64 = Debug|x64
		Debug|x86 = Debug|x86
		Release|x64 = Release|x64
		Release|x86 = Release|x86
	EndGlobalSection
	GlobalSection(ProjectConfigurationPlatforms) = postSolution
		{BA044D68-82F4-4CA9-AD80-6411F8F562E5}.Debug|x64.ActiveCfg = Debug|x64
		{BA044D68-82F4-4CA9-AD80-6411F8F562E5}.Debug|x64.Build.0 = Debug|x64
		{BA044D68-82F4-4CA9-AD80-6411F8F562E5}.Debug|x86.ActiveCfg = Debug|Win32
		{BA044D68-82F4-4CA9-AD80-6411F8F562E5}.Debug|x86.Build.0 = Debug|Win32
		{BA044D68-82F4-4CA9-AD80-6411F8F562E5}.Release|x64.ActiveCfg = Release|x64
		{BA044D68-82F4-4CA9-AD80-6411F8F562E5}.Release|x64.Build.0 = Release|x64
		{BA044D68-82F4-4CA9-AD80-6411F8F562E5}.Release|x86.ActiveCfg = Release|Win32
		{BA044D68-82F4-4CA9-AD80-6411F8F562E5}.Release|x86.Build.0 = Release|Win32
		{FC7D680B-75E9-4EB2-BA43-052B0A00DAC9}.Debug|x64.ActiveCfg = Debug|x64
		{FC7D680B-75E9-4EB2-BA43-052B0A00DAC9}.Debug|x64.Build.0 = Debug|x64
		{FC7D680B-75E9-4EB2-BA43-052B0A00DAC9}.Debug|x86.ActiveCfg = Debug|Win32
		{FC7D680B-75E9-4EB2-BA43-052B0A00DAC9}.Debug|x86.Build.0 = Debug|Win32
		{FC7D680B-75E9-4EB2-BA43-052B0A00DAC9}.Release|x64.ActiveCfg = Release|x64
		{FC7D680B-75E9-4EB2-BA43-052B0A00DAC9}.Release|x64.Build.0 = Release|x64
		{FC7D680B-75E9-4EB2-BA43-052B0A00DAC9}.Release|x86.ActiveCfg = Release|Win32
		{FC7D680B-75E9-4EB2-BA43-052B0A00DAC9}.Release|x86.Build.0 = Release|Win32
	EndGlobalSection
	GlobalSection(SolutionProperties) = preSolution
		HideSolutionNode = FALSE
	EndGlobalSection
	GlobalSection(ExtensibilityGlobals) = postSolution
		SolutionGuid = {CA723162-4986-455A-9A47-6B1A7AAFE1A9}
	EndGlobalSection
EndGlobal
